// !$*UTF8*$!
{
	archiveVersion = 1;
	classes = {
	};
	objectVersion = 46;
	objects = {

/* Begin PBXBuildFile section */
		0E27479390BBCC8D09178D57 /* Pods_SirioLibanesApp_Example.framework in Frameworks */ = {isa = PBXBuildFile; fileRef = 6259837E4FD150DFA86EAD41 /* Pods_SirioLibanesApp_Example.framework */; };
		5FC389108518E14EBD5C5471 /* Pods_SirioLibanesApp_Tests.framework in Frameworks */ = {isa = PBXBuildFile; fileRef = FA6828CE2CA5E5CE571FF3E7 /* Pods_SirioLibanesApp_Tests.framework */; };
		607FACD61AFB9204008FA782 /* AppDelegate.swift in Sources */ = {isa = PBXBuildFile; fileRef = 607FACD51AFB9204008FA782 /* AppDelegate.swift */; };
		607FACD81AFB9204008FA782 /* ViewController.swift in Sources */ = {isa = PBXBuildFile; fileRef = 607FACD71AFB9204008FA782 /* ViewController.swift */; };
		607FACDB1AFB9204008FA782 /* Main.storyboard in Resources */ = {isa = PBXBuildFile; fileRef = 607FACD91AFB9204008FA782 /* Main.storyboard */; };
		607FACDD1AFB9204008FA782 /* Images.xcassets in Resources */ = {isa = PBXBuildFile; fileRef = 607FACDC1AFB9204008FA782 /* Images.xcassets */; };
		607FACE01AFB9204008FA782 /* LaunchScreen.xib in Resources */ = {isa = PBXBuildFile; fileRef = 607FACDE1AFB9204008FA782 /* LaunchScreen.xib */; };
		607FACEC1AFB9204008FA782 /* Tests.swift in Sources */ = {isa = PBXBuildFile; fileRef = 607FACEB1AFB9204008FA782 /* Tests.swift */; };
		981C3C8E20277767004B3282 /* RegisterViewController.swift in Sources */ = {isa = PBXBuildFile; fileRef = 981C3C8D20277767004B3282 /* RegisterViewController.swift */; };
		9855A95C2027389000515E1A /* GoogleService-Info.plist in Resources */ = {isa = PBXBuildFile; fileRef = 9855A95B2027383D00515E1A /* GoogleService-Info.plist */; };
		9855A95D2027389200515E1A /* GoogleService-Info.plist in Resources */ = {isa = PBXBuildFile; fileRef = 9855A95B2027383D00515E1A /* GoogleService-Info.plist */; };
		9855A95F2027398600515E1A /* LoginViewController.swift in Sources */ = {isa = PBXBuildFile; fileRef = 9855A95E2027398600515E1A /* LoginViewController.swift */; };
		9855A96320274D1E00515E1A /* InitialViewController.swift in Sources */ = {isa = PBXBuildFile; fileRef = 9855A96220274D1E00515E1A /* InitialViewController.swift */; };
		9855A96520274F9500515E1A /* HomeViewController.swift in Sources */ = {isa = PBXBuildFile; fileRef = 9855A96420274F9500515E1A /* HomeViewController.swift */; };
		9861C86F202AA59E0004B1F5 /* AssignmentTableViewCell.swift in Sources */ = {isa = PBXBuildFile; fileRef = 9861C86E202AA59E0004B1F5 /* AssignmentTableViewCell.swift */; };
		9861C871202ABF2D0004B1F5 /* SongTableViewCell.swift in Sources */ = {isa = PBXBuildFile; fileRef = 9861C870202ABF2D0004B1F5 /* SongTableViewCell.swift */; };
		98DE0FF620278A9200DB1A7C /* InputViewController.swift in Sources */ = {isa = PBXBuildFile; fileRef = 98DE0FF520278A9200DB1A7C /* InputViewController.swift */; };
		98DE0FF82027ACDD00DB1A7C /* QuartzCore.framework in Frameworks */ = {isa = PBXBuildFile; fileRef = 98DE0FF72027ACDD00DB1A7C /* QuartzCore.framework */; };
		98DE0FFA2027B71100DB1A7C /* HomeTableViewCell.swift in Sources */ = {isa = PBXBuildFile; fileRef = 98DE0FF92027B71100DB1A7C /* HomeTableViewCell.swift */; };
		98DE0FFE2027C11600DB1A7C /* SocialViewController.swift in Sources */ = {isa = PBXBuildFile; fileRef = 98DE0FFD2027C11600DB1A7C /* SocialViewController.swift */; };
		98DE10012027C20500DB1A7C /* AssignmentViewController.swift in Sources */ = {isa = PBXBuildFile; fileRef = 98DE10002027C20500DB1A7C /* AssignmentViewController.swift */; };
		98DE10032027C27800DB1A7C /* SongsViewController.swift in Sources */ = {isa = PBXBuildFile; fileRef = 98DE10022027C27800DB1A7C /* SongsViewController.swift */; };
		98DE10042027DC8700DB1A7C /* DetailViewController.swift in Sources */ = {isa = PBXBuildFile; fileRef = 98DE0FFF2027C14700DB1A7C /* DetailViewController.swift */; };
		F712AADC20BC9B3B0065658C /* SocialTableViewCell.swift in Sources */ = {isa = PBXBuildFile; fileRef = F712AADB20BC9B3B0065658C /* SocialTableViewCell.swift */; };
		F712AADE20C095230065658C /* RedSocial.swift in Sources */ = {isa = PBXBuildFile; fileRef = F712AADD20C095230065658C /* RedSocial.swift */; };
		F72BD9E420A76DB700A63011 /* DetailTableViewCell.swift in Sources */ = {isa = PBXBuildFile; fileRef = F72BD9E320A76DB600A63011 /* DetailTableViewCell.swift */; };
		F72BD9E620A77FD500A63011 /* Persona.swift in Sources */ = {isa = PBXBuildFile; fileRef = F72BD9E520A77FD500A63011 /* Persona.swift */; };
		F72BD9E820A7976300A63011 /* Trabajador.swift in Sources */ = {isa = PBXBuildFile; fileRef = F72BD9E720A7976300A63011 /* Trabajador.swift */; };
		F76C5C0D20BB67D0005EBCD3 /* PermissionViewController.swift in Sources */ = {isa = PBXBuildFile; fileRef = F76C5C0C20BB67D0005EBCD3 /* PermissionViewController.swift */; };
		F7E7F16B20DB01CA006E7455 /* QRViewController.swift in Sources */ = {isa = PBXBuildFile; fileRef = F7E7F16A20DB01CA006E7455 /* QRViewController.swift */; };
/* End PBXBuildFile section */

/* Begin PBXContainerItemProxy section */
		607FACE61AFB9204008FA782 /* PBXContainerItemProxy */ = {
			isa = PBXContainerItemProxy;
			containerPortal = 607FACC81AFB9204008FA782 /* Project object */;
			proxyType = 1;
			remoteGlobalIDString = 607FACCF1AFB9204008FA782;
			remoteInfo = SirioLibanesApp;
		};
/* End PBXContainerItemProxy section */

/* Begin PBXFileReference section */
		1F452657DDCE722B06D81CE8 /* Pods-SirioLibanesApp_Tests.debug.xcconfig */ = {isa = PBXFileReference; includeInIndex = 1; lastKnownFileType = text.xcconfig; name = "Pods-SirioLibanesApp_Tests.debug.xcconfig"; path = "Pods/Target Support Files/Pods-SirioLibanesApp_Tests/Pods-SirioLibanesApp_Tests.debug.xcconfig"; sourceTree = "<group>"; };
		38A511E680EB44068D96E216 /* Pods-SirioLibanesApp_Example.debug.xcconfig */ = {isa = PBXFileReference; includeInIndex = 1; lastKnownFileType = text.xcconfig; name = "Pods-SirioLibanesApp_Example.debug.xcconfig"; path = "Pods/Target Support Files/Pods-SirioLibanesApp_Example/Pods-SirioLibanesApp_Example.debug.xcconfig"; sourceTree = "<group>"; };
		398394077F83D7C0CB98BFA3 /* README.md */ = {isa = PBXFileReference; includeInIndex = 1; lastKnownFileType = net.daringfireball.markdown; name = README.md; path = ../README.md; sourceTree = "<group>"; };
		465ECC190B395000CD05895A /* Pods-SirioLibanesApp_Tests.release.xcconfig */ = {isa = PBXFileReference; includeInIndex = 1; lastKnownFileType = text.xcconfig; name = "Pods-SirioLibanesApp_Tests.release.xcconfig"; path = "Pods/Target Support Files/Pods-SirioLibanesApp_Tests/Pods-SirioLibanesApp_Tests.release.xcconfig"; sourceTree = "<group>"; };
		607FACD01AFB9204008FA782 /* Eventos.app */ = {isa = PBXFileReference; explicitFileType = wrapper.application; includeInIndex = 0; path = Eventos.app; sourceTree = BUILT_PRODUCTS_DIR; };
		607FACD41AFB9204008FA782 /* Info.plist */ = {isa = PBXFileReference; lastKnownFileType = text.plist.xml; path = Info.plist; sourceTree = "<group>"; };
		607FACD51AFB9204008FA782 /* AppDelegate.swift */ = {isa = PBXFileReference; lastKnownFileType = sourcecode.swift; path = AppDelegate.swift; sourceTree = "<group>"; };
		607FACD71AFB9204008FA782 /* ViewController.swift */ = {isa = PBXFileReference; lastKnownFileType = sourcecode.swift; path = ViewController.swift; sourceTree = "<group>"; };
		607FACDA1AFB9204008FA782 /* Base */ = {isa = PBXFileReference; lastKnownFileType = file.storyboard; name = Base; path = Base.lproj/Main.storyboard; sourceTree = "<group>"; };
		607FACDC1AFB9204008FA782 /* Images.xcassets */ = {isa = PBXFileReference; lastKnownFileType = folder.assetcatalog; path = Images.xcassets; sourceTree = "<group>"; };
		607FACDF1AFB9204008FA782 /* Base */ = {isa = PBXFileReference; lastKnownFileType = file.xib; name = Base; path = Base.lproj/LaunchScreen.xib; sourceTree = "<group>"; };
		607FACE51AFB9204008FA782 /* SirioLibanesApp_Tests.xctest */ = {isa = PBXFileReference; explicitFileType = wrapper.cfbundle; includeInIndex = 0; path = SirioLibanesApp_Tests.xctest; sourceTree = BUILT_PRODUCTS_DIR; };
		607FACEA1AFB9204008FA782 /* Info.plist */ = {isa = PBXFileReference; lastKnownFileType = text.plist.xml; path = Info.plist; sourceTree = "<group>"; };
		607FACEB1AFB9204008FA782 /* Tests.swift */ = {isa = PBXFileReference; lastKnownFileType = sourcecode.swift; path = Tests.swift; sourceTree = "<group>"; };
		6259837E4FD150DFA86EAD41 /* Pods_SirioLibanesApp_Example.framework */ = {isa = PBXFileReference; explicitFileType = wrapper.framework; includeInIndex = 0; path = Pods_SirioLibanesApp_Example.framework; sourceTree = BUILT_PRODUCTS_DIR; };
		96D6B0EEA01EA8E499D5F9D1 /* Pods-SirioLibanesApp_Example.release.xcconfig */ = {isa = PBXFileReference; includeInIndex = 1; lastKnownFileType = text.xcconfig; name = "Pods-SirioLibanesApp_Example.release.xcconfig"; path = "Pods/Target Support Files/Pods-SirioLibanesApp_Example/Pods-SirioLibanesApp_Example.release.xcconfig"; sourceTree = "<group>"; };
		981C3C8D20277767004B3282 /* RegisterViewController.swift */ = {isa = PBXFileReference; lastKnownFileType = sourcecode.swift; name = RegisterViewController.swift; path = Classes/RegisterViewController.swift; sourceTree = "<group>"; };
		9855A95B2027383D00515E1A /* GoogleService-Info.plist */ = {isa = PBXFileReference; lastKnownFileType = text.plist.xml; path = "GoogleService-Info.plist"; sourceTree = "<group>"; };
		9855A95E2027398600515E1A /* LoginViewController.swift */ = {isa = PBXFileReference; lastKnownFileType = sourcecode.swift; name = LoginViewController.swift; path = Classes/LoginViewController.swift; sourceTree = "<group>"; };
		9855A96220274D1E00515E1A /* InitialViewController.swift */ = {isa = PBXFileReference; lastKnownFileType = sourcecode.swift; name = InitialViewController.swift; path = Classes/InitialViewController.swift; sourceTree = "<group>"; };
		9855A96420274F9500515E1A /* HomeViewController.swift */ = {isa = PBXFileReference; lastKnownFileType = sourcecode.swift; name = HomeViewController.swift; path = Classes/HomeViewController.swift; sourceTree = "<group>"; };
		9861C86E202AA59E0004B1F5 /* AssignmentTableViewCell.swift */ = {isa = PBXFileReference; lastKnownFileType = sourcecode.swift; name = AssignmentTableViewCell.swift; path = Classes/AssignmentTableViewCell.swift; sourceTree = "<group>"; };
		9861C870202ABF2D0004B1F5 /* SongTableViewCell.swift */ = {isa = PBXFileReference; lastKnownFileType = sourcecode.swift; name = SongTableViewCell.swift; path = Classes/SongTableViewCell.swift; sourceTree = "<group>"; };
		98DE0FF520278A9200DB1A7C /* InputViewController.swift */ = {isa = PBXFileReference; lastKnownFileType = sourcecode.swift; name = InputViewController.swift; path = Classes/InputViewController.swift; sourceTree = "<group>"; };
		98DE0FF72027ACDD00DB1A7C /* QuartzCore.framework */ = {isa = PBXFileReference; lastKnownFileType = wrapper.framework; name = QuartzCore.framework; path = System/Library/Frameworks/QuartzCore.framework; sourceTree = SDKROOT; };
		98DE0FF92027B71100DB1A7C /* HomeTableViewCell.swift */ = {isa = PBXFileReference; lastKnownFileType = sourcecode.swift; name = HomeTableViewCell.swift; path = Classes/HomeTableViewCell.swift; sourceTree = "<group>"; };
		98DE0FFD2027C11600DB1A7C /* SocialViewController.swift */ = {isa = PBXFileReference; lastKnownFileType = sourcecode.swift; name = SocialViewController.swift; path = Classes/SocialViewController.swift; sourceTree = "<group>"; };
		98DE0FFF2027C14700DB1A7C /* DetailViewController.swift */ = {isa = PBXFileReference; lastKnownFileType = sourcecode.swift; name = DetailViewController.swift; path = Classes/DetailViewController.swift; sourceTree = "<group>"; };
		98DE10002027C20500DB1A7C /* AssignmentViewController.swift */ = {isa = PBXFileReference; lastKnownFileType = sourcecode.swift; name = AssignmentViewController.swift; path = Classes/AssignmentViewController.swift; sourceTree = "<group>"; };
		98DE10022027C27800DB1A7C /* SongsViewController.swift */ = {isa = PBXFileReference; lastKnownFileType = sourcecode.swift; name = SongsViewController.swift; path = Classes/SongsViewController.swift; sourceTree = "<group>"; };
		B57A9B50AC19E9969C1742D4 /* SirioLibanesApp.podspec */ = {isa = PBXFileReference; includeInIndex = 1; lastKnownFileType = text; name = SirioLibanesApp.podspec; path = ../SirioLibanesApp.podspec; sourceTree = "<group>"; xcLanguageSpecificationIdentifier = xcode.lang.ruby; };
		B68CCAAA50F3F52468FB4528 /* LICENSE */ = {isa = PBXFileReference; includeInIndex = 1; lastKnownFileType = text; name = LICENSE; path = ../LICENSE; sourceTree = "<group>"; };
		F712AADB20BC9B3B0065658C /* SocialTableViewCell.swift */ = {isa = PBXFileReference; lastKnownFileType = sourcecode.swift; path = SocialTableViewCell.swift; sourceTree = "<group>"; };
		F712AADD20C095230065658C /* RedSocial.swift */ = {isa = PBXFileReference; lastKnownFileType = sourcecode.swift; path = RedSocial.swift; sourceTree = "<group>"; };
		F72BD9E320A76DB600A63011 /* DetailTableViewCell.swift */ = {isa = PBXFileReference; fileEncoding = 4; lastKnownFileType = sourcecode.swift; name = DetailTableViewCell.swift; path = Classes/DetailTableViewCell.swift; sourceTree = "<group>"; };
		F72BD9E520A77FD500A63011 /* Persona.swift */ = {isa = PBXFileReference; lastKnownFileType = sourcecode.swift; path = Persona.swift; sourceTree = "<group>"; };
		F72BD9E720A7976300A63011 /* Trabajador.swift */ = {isa = PBXFileReference; lastKnownFileType = sourcecode.swift; path = Trabajador.swift; sourceTree = "<group>"; };
		F76C5C0C20BB67D0005EBCD3 /* PermissionViewController.swift */ = {isa = PBXFileReference; lastKnownFileType = sourcecode.swift; path = PermissionViewController.swift; sourceTree = "<group>"; };
		F7E7F16A20DB01CA006E7455 /* QRViewController.swift */ = {isa = PBXFileReference; lastKnownFileType = sourcecode.swift; path = QRViewController.swift; sourceTree = "<group>"; };
		FA6828CE2CA5E5CE571FF3E7 /* Pods_SirioLibanesApp_Tests.framework */ = {isa = PBXFileReference; explicitFileType = wrapper.framework; includeInIndex = 0; path = Pods_SirioLibanesApp_Tests.framework; sourceTree = BUILT_PRODUCTS_DIR; };
/* End PBXFileReference section */

/* Begin PBXFrameworksBuildPhase section */
		607FACCD1AFB9204008FA782 /* Frameworks */ = {
			isa = PBXFrameworksBuildPhase;
			buildActionMask = 2147483647;
			files = (
				98DE0FF82027ACDD00DB1A7C /* QuartzCore.framework in Frameworks */,
				0E27479390BBCC8D09178D57 /* Pods_SirioLibanesApp_Example.framework in Frameworks */,
			);
			runOnlyForDeploymentPostprocessing = 0;
		};
		607FACE21AFB9204008FA782 /* Frameworks */ = {
			isa = PBXFrameworksBuildPhase;
			buildActionMask = 2147483647;
			files = (
				5FC389108518E14EBD5C5471 /* Pods_SirioLibanesApp_Tests.framework in Frameworks */,
			);
			runOnlyForDeploymentPostprocessing = 0;
		};
/* End PBXFrameworksBuildPhase section */

/* Begin PBXGroup section */
		400210CBA061DA793C839760 /* Frameworks */ = {
			isa = PBXGroup;
			children = (
				98DE0FF72027ACDD00DB1A7C /* QuartzCore.framework */,
				6259837E4FD150DFA86EAD41 /* Pods_SirioLibanesApp_Example.framework */,
				FA6828CE2CA5E5CE571FF3E7 /* Pods_SirioLibanesApp_Tests.framework */,
			);
			name = Frameworks;
			sourceTree = "<group>";
		};
		474717D3AB7E36D7C061EABF /* Pods */ = {
			isa = PBXGroup;
			children = (
				38A511E680EB44068D96E216 /* Pods-SirioLibanesApp_Example.debug.xcconfig */,
				96D6B0EEA01EA8E499D5F9D1 /* Pods-SirioLibanesApp_Example.release.xcconfig */,
				1F452657DDCE722B06D81CE8 /* Pods-SirioLibanesApp_Tests.debug.xcconfig */,
				465ECC190B395000CD05895A /* Pods-SirioLibanesApp_Tests.release.xcconfig */,
			);
			name = Pods;
			sourceTree = "<group>";
		};
		607FACC71AFB9204008FA782 = {
			isa = PBXGroup;
			children = (
				607FACF51AFB993E008FA782 /* Podspec Metadata */,
				607FACD21AFB9204008FA782 /* Example for SirioLibanesApp */,
				607FACE81AFB9204008FA782 /* Tests */,
				607FACD11AFB9204008FA782 /* Products */,
				474717D3AB7E36D7C061EABF /* Pods */,
				400210CBA061DA793C839760 /* Frameworks */,
			);
			indentWidth = 3;
			sourceTree = "<group>";
		};
		607FACD11AFB9204008FA782 /* Products */ = {
			isa = PBXGroup;
			children = (
				607FACD01AFB9204008FA782 /* Eventos.app */,
				607FACE51AFB9204008FA782 /* SirioLibanesApp_Tests.xctest */,
			);
			name = Products;
			sourceTree = "<group>";
		};
		607FACD21AFB9204008FA782 /* Example for SirioLibanesApp */ = {
			isa = PBXGroup;
			children = (
				607FACD51AFB9204008FA782 /* AppDelegate.swift */,
				F7E7F16A20DB01CA006E7455 /* QRViewController.swift */,
				607FACD71AFB9204008FA782 /* ViewController.swift */,
				F76C5C0C20BB67D0005EBCD3 /* PermissionViewController.swift */,
				9855A95E2027398600515E1A /* LoginViewController.swift */,
				F712AADD20C095230065658C /* RedSocial.swift */,
				F72BD9E520A77FD500A63011 /* Persona.swift */,
				F72BD9E720A7976300A63011 /* Trabajador.swift */,
				9855A96220274D1E00515E1A /* InitialViewController.swift */,
				981C3C8D20277767004B3282 /* RegisterViewController.swift */,
				9855A96420274F9500515E1A /* HomeViewController.swift */,
				98DE0FF92027B71100DB1A7C /* HomeTableViewCell.swift */,
				98DE0FF520278A9200DB1A7C /* InputViewController.swift */,
				98DE0FFF2027C14700DB1A7C /* DetailViewController.swift */,
				F72BD9E320A76DB600A63011 /* DetailTableViewCell.swift */,
				98DE0FFD2027C11600DB1A7C /* SocialViewController.swift */,
				F712AADB20BC9B3B0065658C /* SocialTableViewCell.swift */,
				98DE10002027C20500DB1A7C /* AssignmentViewController.swift */,
				9861C86E202AA59E0004B1F5 /* AssignmentTableViewCell.swift */,
				98DE10022027C27800DB1A7C /* SongsViewController.swift */,
				9861C870202ABF2D0004B1F5 /* SongTableViewCell.swift */,
				9855A95B2027383D00515E1A /* GoogleService-Info.plist */,
				607FACD91AFB9204008FA782 /* Main.storyboard */,
				607FACDC1AFB9204008FA782 /* Images.xcassets */,
				607FACDE1AFB9204008FA782 /* LaunchScreen.xib */,
				607FACD31AFB9204008FA782 /* Supporting Files */,
			);
			name = "Example for SirioLibanesApp";
			path = SirioLibanesApp;
			sourceTree = "<group>";
		};
		607FACD31AFB9204008FA782 /* Supporting Files */ = {
			isa = PBXGroup;
			children = (
				607FACD41AFB9204008FA782 /* Info.plist */,
			);
			name = "Supporting Files";
			sourceTree = "<group>";
		};
		607FACE81AFB9204008FA782 /* Tests */ = {
			isa = PBXGroup;
			children = (
				607FACEB1AFB9204008FA782 /* Tests.swift */,
				607FACE91AFB9204008FA782 /* Supporting Files */,
			);
			path = Tests;
			sourceTree = "<group>";
		};
		607FACE91AFB9204008FA782 /* Supporting Files */ = {
			isa = PBXGroup;
			children = (
				607FACEA1AFB9204008FA782 /* Info.plist */,
			);
			name = "Supporting Files";
			sourceTree = "<group>";
		};
		607FACF51AFB993E008FA782 /* Podspec Metadata */ = {
			isa = PBXGroup;
			children = (
				B57A9B50AC19E9969C1742D4 /* SirioLibanesApp.podspec */,
				398394077F83D7C0CB98BFA3 /* README.md */,
				B68CCAAA50F3F52468FB4528 /* LICENSE */,
			);
			name = "Podspec Metadata";
			sourceTree = "<group>";
		};
/* End PBXGroup section */

/* Begin PBXNativeTarget section */
		607FACCF1AFB9204008FA782 /* SirioLibanesApp_Example */ = {
			isa = PBXNativeTarget;
			buildConfigurationList = 607FACEF1AFB9204008FA782 /* Build configuration list for PBXNativeTarget "SirioLibanesApp_Example" */;
			buildPhases = (
				36390D0A7596D1DF3F155D53 /* [CP] Check Pods Manifest.lock */,
				607FACCC1AFB9204008FA782 /* Sources */,
				607FACCD1AFB9204008FA782 /* Frameworks */,
				607FACCE1AFB9204008FA782 /* Resources */,
				548C8733D3C827DD3AD2FD8F /* [CP] Embed Pods Frameworks */,
				ABF7365EDC01AB3C9AD6567E /* [CP] Copy Pods Resources */,
			);
			buildRules = (
			);
			dependencies = (
			);
			name = SirioLibanesApp_Example;
			productName = SirioLibanesApp;
			productReference = 607FACD01AFB9204008FA782 /* Eventos.app */;
			productType = "com.apple.product-type.application";
		};
		607FACE41AFB9204008FA782 /* SirioLibanesApp_Tests */ = {
			isa = PBXNativeTarget;
			buildConfigurationList = 607FACF21AFB9204008FA782 /* Build configuration list for PBXNativeTarget "SirioLibanesApp_Tests" */;
			buildPhases = (
				6303416C581F42D7B0343A8D /* [CP] Check Pods Manifest.lock */,
				607FACE11AFB9204008FA782 /* Sources */,
				607FACE21AFB9204008FA782 /* Frameworks */,
				607FACE31AFB9204008FA782 /* Resources */,
				B1D555A2DE8CF6F5C45EB8D8 /* [CP] Embed Pods Frameworks */,
				E4702EE81AEF0BB04722D735 /* [CP] Copy Pods Resources */,
			);
			buildRules = (
			);
			dependencies = (
				607FACE71AFB9204008FA782 /* PBXTargetDependency */,
			);
			name = SirioLibanesApp_Tests;
			productName = Tests;
			productReference = 607FACE51AFB9204008FA782 /* SirioLibanesApp_Tests.xctest */;
			productType = "com.apple.product-type.bundle.unit-test";
		};
/* End PBXNativeTarget section */

/* Begin PBXProject section */
		607FACC81AFB9204008FA782 /* Project object */ = {
			isa = PBXProject;
			attributes = {
				LastSwiftUpdateCheck = 0830;
				LastUpgradeCheck = 0830;
				ORGANIZATIONNAME = CocoaPods;
				TargetAttributes = {
					607FACCF1AFB9204008FA782 = {
						CreatedOnToolsVersion = 6.3.1;
						DevelopmentTeam = SS99NH97T4;
						LastSwiftMigration = 0900;
					};
					607FACE41AFB9204008FA782 = {
						CreatedOnToolsVersion = 6.3.1;
						DevelopmentTeam = SS99NH97T4;
						LastSwiftMigration = 0900;
						TestTargetID = 607FACCF1AFB9204008FA782;
					};
				};
			};
			buildConfigurationList = 607FACCB1AFB9204008FA782 /* Build configuration list for PBXProject "SirioLibanesApp" */;
			compatibilityVersion = "Xcode 3.2";
			developmentRegion = English;
			hasScannedForEncodings = 0;
			knownRegions = (
				en,
				Base,
			);
			mainGroup = 607FACC71AFB9204008FA782;
			productRefGroup = 607FACD11AFB9204008FA782 /* Products */;
			projectDirPath = "";
			projectRoot = "";
			targets = (
				607FACCF1AFB9204008FA782 /* SirioLibanesApp_Example */,
				607FACE41AFB9204008FA782 /* SirioLibanesApp_Tests */,
			);
		};
/* End PBXProject section */

/* Begin PBXResourcesBuildPhase section */
		607FACCE1AFB9204008FA782 /* Resources */ = {
			isa = PBXResourcesBuildPhase;
			buildActionMask = 2147483647;
			files = (
				607FACDB1AFB9204008FA782 /* Main.storyboard in Resources */,
				9855A95C2027389000515E1A /* GoogleService-Info.plist in Resources */,
				607FACE01AFB9204008FA782 /* LaunchScreen.xib in Resources */,
				607FACDD1AFB9204008FA782 /* Images.xcassets in Resources */,
			);
			runOnlyForDeploymentPostprocessing = 0;
		};
		607FACE31AFB9204008FA782 /* Resources */ = {
			isa = PBXResourcesBuildPhase;
			buildActionMask = 2147483647;
			files = (
				9855A95D2027389200515E1A /* GoogleService-Info.plist in Resources */,
			);
			runOnlyForDeploymentPostprocessing = 0;
		};
/* End PBXResourcesBuildPhase section */

/* Begin PBXShellScriptBuildPhase section */
		36390D0A7596D1DF3F155D53 /* [CP] Check Pods Manifest.lock */ = {
			isa = PBXShellScriptBuildPhase;
			buildActionMask = 2147483647;
			files = (
			);
			inputPaths = (
				"${PODS_PODFILE_DIR_PATH}/Podfile.lock",
				"${PODS_ROOT}/Manifest.lock",
			);
			name = "[CP] Check Pods Manifest.lock";
			outputPaths = (
				"$(DERIVED_FILE_DIR)/Pods-SirioLibanesApp_Example-checkManifestLockResult.txt",
			);
			runOnlyForDeploymentPostprocessing = 0;
			shellPath = /bin/sh;
			shellScript = "diff \"${PODS_PODFILE_DIR_PATH}/Podfile.lock\" \"${PODS_ROOT}/Manifest.lock\" > /dev/null\nif [ $? != 0 ] ; then\n    # print error to STDERR\n    echo \"error: The sandbox is not in sync with the Podfile.lock. Run 'pod install' or update your CocoaPods installation.\" >&2\n    exit 1\nfi\n# This output is used by Xcode 'outputs' to avoid re-running this script phase.\necho \"SUCCESS\" > \"${SCRIPT_OUTPUT_FILE_0}\"\n";
			showEnvVarsInLog = 0;
		};
		548C8733D3C827DD3AD2FD8F /* [CP] Embed Pods Frameworks */ = {
			isa = PBXShellScriptBuildPhase;
			buildActionMask = 2147483647;
			files = (
			);
			inputPaths = (
				"${SRCROOT}/Pods/Target Support Files/Pods-SirioLibanesApp_Example/Pods-SirioLibanesApp_Example-frameworks.sh",
				"${BUILT_PRODUCTS_DIR}/BarcodeScanner/BarcodeScanner.framework",
				"${BUILT_PRODUCTS_DIR}/GTMSessionFetcher/GTMSessionFetcher.framework",
				"${BUILT_PRODUCTS_DIR}/GoogleToolboxForMac/GoogleToolboxForMac.framework",
				"${BUILT_PRODUCTS_DIR}/PKHUD/PKHUD.framework",
				"${BUILT_PRODUCTS_DIR}/QRCode/QRCode.framework",
				"${BUILT_PRODUCTS_DIR}/SirioLibanesApp/SirioLibanesApp.framework",
				"${BUILT_PRODUCTS_DIR}/leveldb-library/leveldb.framework",
				"${BUILT_PRODUCTS_DIR}/nanopb/nanopb.framework",
			);
			name = "[CP] Embed Pods Frameworks";
			outputPaths = (
				"${TARGET_BUILD_DIR}/${FRAMEWORKS_FOLDER_PATH}/BarcodeScanner.framework",
				"${TARGET_BUILD_DIR}/${FRAMEWORKS_FOLDER_PATH}/GTMSessionFetcher.framework",
				"${TARGET_BUILD_DIR}/${FRAMEWORKS_FOLDER_PATH}/GoogleToolboxForMac.framework",
				"${TARGET_BUILD_DIR}/${FRAMEWORKS_FOLDER_PATH}/PKHUD.framework",
				"${TARGET_BUILD_DIR}/${FRAMEWORKS_FOLDER_PATH}/QRCode.framework",
				"${TARGET_BUILD_DIR}/${FRAMEWORKS_FOLDER_PATH}/SirioLibanesApp.framework",
				"${TARGET_BUILD_DIR}/${FRAMEWORKS_FOLDER_PATH}/leveldb.framework",
				"${TARGET_BUILD_DIR}/${FRAMEWORKS_FOLDER_PATH}/nanopb.framework",
			);
			runOnlyForDeploymentPostprocessing = 0;
			shellPath = /bin/sh;
			shellScript = "\"${SRCROOT}/Pods/Target Support Files/Pods-SirioLibanesApp_Example/Pods-SirioLibanesApp_Example-frameworks.sh\"\n";
			showEnvVarsInLog = 0;
		};
		6303416C581F42D7B0343A8D /* [CP] Check Pods Manifest.lock */ = {
			isa = PBXShellScriptBuildPhase;
			buildActionMask = 2147483647;
			files = (
			);
			inputPaths = (
				"${PODS_PODFILE_DIR_PATH}/Podfile.lock",
				"${PODS_ROOT}/Manifest.lock",
			);
			name = "[CP] Check Pods Manifest.lock";
			outputPaths = (
				"$(DERIVED_FILE_DIR)/Pods-SirioLibanesApp_Tests-checkManifestLockResult.txt",
			);
			runOnlyForDeploymentPostprocessing = 0;
			shellPath = /bin/sh;
			shellScript = "diff \"${PODS_PODFILE_DIR_PATH}/Podfile.lock\" \"${PODS_ROOT}/Manifest.lock\" > /dev/null\nif [ $? != 0 ] ; then\n    # print error to STDERR\n    echo \"error: The sandbox is not in sync with the Podfile.lock. Run 'pod install' or update your CocoaPods installation.\" >&2\n    exit 1\nfi\n# This output is used by Xcode 'outputs' to avoid re-running this script phase.\necho \"SUCCESS\" > \"${SCRIPT_OUTPUT_FILE_0}\"\n";
			showEnvVarsInLog = 0;
		};
		ABF7365EDC01AB3C9AD6567E /* [CP] Copy Pods Resources */ = {
			isa = PBXShellScriptBuildPhase;
			buildActionMask = 2147483647;
			files = (
			);
			inputPaths = (
			);
			name = "[CP] Copy Pods Resources";
			outputPaths = (
			);
			runOnlyForDeploymentPostprocessing = 0;
			shellPath = /bin/sh;
			shellScript = "\"${SRCROOT}/Pods/Target Support Files/Pods-SirioLibanesApp_Example/Pods-SirioLibanesApp_Example-resources.sh\"\n";
			showEnvVarsInLog = 0;
		};
		B1D555A2DE8CF6F5C45EB8D8 /* [CP] Embed Pods Frameworks */ = {
			isa = PBXShellScriptBuildPhase;
			buildActionMask = 2147483647;
			files = (
			);
			inputPaths = (
				"${SRCROOT}/Pods/Target Support Files/Pods-SirioLibanesApp_Tests/Pods-SirioLibanesApp_Tests-frameworks.sh",
				"${BUILT_PRODUCTS_DIR}/FBSnapshotTestCase/FBSnapshotTestCase.framework",
				"${BUILT_PRODUCTS_DIR}/Nimble/Nimble.framework",
				"${BUILT_PRODUCTS_DIR}/Nimble-Snapshots/Nimble_Snapshots.framework",
				"${BUILT_PRODUCTS_DIR}/Quick/Quick.framework",
			);
			name = "[CP] Embed Pods Frameworks";
			outputPaths = (
				"${TARGET_BUILD_DIR}/${FRAMEWORKS_FOLDER_PATH}/FBSnapshotTestCase.framework",
				"${TARGET_BUILD_DIR}/${FRAMEWORKS_FOLDER_PATH}/Nimble.framework",
				"${TARGET_BUILD_DIR}/${FRAMEWORKS_FOLDER_PATH}/Nimble_Snapshots.framework",
				"${TARGET_BUILD_DIR}/${FRAMEWORKS_FOLDER_PATH}/Quick.framework",
			);
			runOnlyForDeploymentPostprocessing = 0;
			shellPath = /bin/sh;
			shellScript = "\"${SRCROOT}/Pods/Target Support Files/Pods-SirioLibanesApp_Tests/Pods-SirioLibanesApp_Tests-frameworks.sh\"\n";
			showEnvVarsInLog = 0;
		};
		E4702EE81AEF0BB04722D735 /* [CP] Copy Pods Resources */ = {
			isa = PBXShellScriptBuildPhase;
			buildActionMask = 2147483647;
			files = (
			);
			inputPaths = (
			);
			name = "[CP] Copy Pods Resources";
			outputPaths = (
			);
			runOnlyForDeploymentPostprocessing = 0;
			shellPath = /bin/sh;
			shellScript = "\"${SRCROOT}/Pods/Target Support Files/Pods-SirioLibanesApp_Tests/Pods-SirioLibanesApp_Tests-resources.sh\"\n";
			showEnvVarsInLog = 0;
		};
/* End PBXShellScriptBuildPhase section */

/* Begin PBXSourcesBuildPhase section */
		607FACCC1AFB9204008FA782 /* Sources */ = {
			isa = PBXSourcesBuildPhase;
			buildActionMask = 2147483647;
			files = (
				F712AADC20BC9B3B0065658C /* SocialTableViewCell.swift in Sources */,
				F72BD9E620A77FD500A63011 /* Persona.swift in Sources */,
				F76C5C0D20BB67D0005EBCD3 /* PermissionViewController.swift in Sources */,
				98DE10032027C27800DB1A7C /* SongsViewController.swift in Sources */,
				9855A96520274F9500515E1A /* HomeViewController.swift in Sources */,
				9855A95F2027398600515E1A /* LoginViewController.swift in Sources */,
				98DE10042027DC8700DB1A7C /* DetailViewController.swift in Sources */,
				607FACD81AFB9204008FA782 /* ViewController.swift in Sources */,
				98DE0FF620278A9200DB1A7C /* InputViewController.swift in Sources */,
				98DE0FFE2027C11600DB1A7C /* SocialViewController.swift in Sources */,
				F72BD9E820A7976300A63011 /* Trabajador.swift in Sources */,
				98DE10012027C20500DB1A7C /* AssignmentViewController.swift in Sources */,
				981C3C8E20277767004B3282 /* RegisterViewController.swift in Sources */,
				F72BD9E420A76DB700A63011 /* DetailTableViewCell.swift in Sources */,
				9861C86F202AA59E0004B1F5 /* AssignmentTableViewCell.swift in Sources */,
				607FACD61AFB9204008FA782 /* AppDelegate.swift in Sources */,
				F712AADE20C095230065658C /* RedSocial.swift in Sources */,
				F7E7F16B20DB01CA006E7455 /* QRViewController.swift in Sources */,
				9861C871202ABF2D0004B1F5 /* SongTableViewCell.swift in Sources */,
				98DE0FFA2027B71100DB1A7C /* HomeTableViewCell.swift in Sources */,
				9855A96320274D1E00515E1A /* InitialViewController.swift in Sources */,
			);
			runOnlyForDeploymentPostprocessing = 0;
		};
		607FACE11AFB9204008FA782 /* Sources */ = {
			isa = PBXSourcesBuildPhase;
			buildActionMask = 2147483647;
			files = (
				607FACEC1AFB9204008FA782 /* Tests.swift in Sources */,
			);
			runOnlyForDeploymentPostprocessing = 0;
		};
/* End PBXSourcesBuildPhase section */

/* Begin PBXTargetDependency section */
		607FACE71AFB9204008FA782 /* PBXTargetDependency */ = {
			isa = PBXTargetDependency;
			target = 607FACCF1AFB9204008FA782 /* SirioLibanesApp_Example */;
			targetProxy = 607FACE61AFB9204008FA782 /* PBXContainerItemProxy */;
		};
/* End PBXTargetDependency section */

/* Begin PBXVariantGroup section */
		607FACD91AFB9204008FA782 /* Main.storyboard */ = {
			isa = PBXVariantGroup;
			children = (
				607FACDA1AFB9204008FA782 /* Base */,
			);
			name = Main.storyboard;
			sourceTree = "<group>";
		};
		607FACDE1AFB9204008FA782 /* LaunchScreen.xib */ = {
			isa = PBXVariantGroup;
			children = (
				607FACDF1AFB9204008FA782 /* Base */,
			);
			name = LaunchScreen.xib;
			sourceTree = "<group>";
		};
/* End PBXVariantGroup section */

/* Begin XCBuildConfiguration section */
		607FACED1AFB9204008FA782 /* Debug */ = {
			isa = XCBuildConfiguration;
			buildSettings = {
				ALWAYS_SEARCH_USER_PATHS = NO;
				CLANG_CXX_LANGUAGE_STANDARD = "gnu++0x";
				CLANG_CXX_LIBRARY = "libc++";
				CLANG_ENABLE_MODULES = YES;
				CLANG_ENABLE_OBJC_ARC = YES;
				CLANG_WARN_BLOCK_CAPTURE_AUTORELEASING = YES;
				CLANG_WARN_BOOL_CONVERSION = YES;
				CLANG_WARN_COMMA = YES;
				CLANG_WARN_CONSTANT_CONVERSION = YES;
				CLANG_WARN_DIRECT_OBJC_ISA_USAGE = YES_ERROR;
				CLANG_WARN_EMPTY_BODY = YES;
				CLANG_WARN_ENUM_CONVERSION = YES;
				CLANG_WARN_INFINITE_RECURSION = YES;
				CLANG_WARN_INT_CONVERSION = YES;
				CLANG_WARN_NON_LITERAL_NULL_CONVERSION = YES;
				CLANG_WARN_OBJC_LITERAL_CONVERSION = YES;
				CLANG_WARN_OBJC_ROOT_CLASS = YES_ERROR;
				CLANG_WARN_RANGE_LOOP_ANALYSIS = YES;
				CLANG_WARN_STRICT_PROTOTYPES = YES;
				CLANG_WARN_SUSPICIOUS_MOVE = YES;
				CLANG_WARN_UNREACHABLE_CODE = YES;
				CLANG_WARN__DUPLICATE_METHOD_MATCH = YES;
				"CODE_SIGN_IDENTITY[sdk=iphoneos*]" = "iPhone Developer";
				COPY_PHASE_STRIP = NO;
				DEBUG_INFORMATION_FORMAT = "dwarf-with-dsym";
				ENABLE_STRICT_OBJC_MSGSEND = YES;
				ENABLE_TESTABILITY = YES;
				GCC_C_LANGUAGE_STANDARD = gnu99;
				GCC_DYNAMIC_NO_PIC = NO;
				GCC_NO_COMMON_BLOCKS = YES;
				GCC_OPTIMIZATION_LEVEL = 0;
				GCC_PREPROCESSOR_DEFINITIONS = (
					"DEBUG=1",
					"$(inherited)",
				);
				GCC_SYMBOLS_PRIVATE_EXTERN = NO;
				GCC_WARN_64_TO_32_BIT_CONVERSION = YES;
				GCC_WARN_ABOUT_RETURN_TYPE = YES_ERROR;
				GCC_WARN_UNDECLARED_SELECTOR = YES;
				GCC_WARN_UNINITIALIZED_AUTOS = YES_AGGRESSIVE;
				GCC_WARN_UNUSED_FUNCTION = YES;
				GCC_WARN_UNUSED_VARIABLE = YES;
				IPHONEOS_DEPLOYMENT_TARGET = 9.3;
				MTL_ENABLE_DEBUG_INFO = YES;
				ONLY_ACTIVE_ARCH = YES;
				SDKROOT = iphoneos;
				SWIFT_OPTIMIZATION_LEVEL = "-Onone";
			};
			name = Debug;
		};
		607FACEE1AFB9204008FA782 /* Release */ = {
			isa = XCBuildConfiguration;
			buildSettings = {
				ALWAYS_SEARCH_USER_PATHS = NO;
				CLANG_CXX_LANGUAGE_STANDARD = "gnu++0x";
				CLANG_CXX_LIBRARY = "libc++";
				CLANG_ENABLE_MODULES = YES;
				CLANG_ENABLE_OBJC_ARC = YES;
				CLANG_WARN_BLOCK_CAPTURE_AUTORELEASING = YES;
				CLANG_WARN_BOOL_CONVERSION = YES;
				CLANG_WARN_COMMA = YES;
				CLANG_WARN_CONSTANT_CONVERSION = YES;
				CLANG_WARN_DIRECT_OBJC_ISA_USAGE = YES_ERROR;
				CLANG_WARN_EMPTY_BODY = YES;
				CLANG_WARN_ENUM_CONVERSION = YES;
				CLANG_WARN_INFINITE_RECURSION = YES;
				CLANG_WARN_INT_CONVERSION = YES;
				CLANG_WARN_NON_LITERAL_NULL_CONVERSION = YES;
				CLANG_WARN_OBJC_LITERAL_CONVERSION = YES;
				CLANG_WARN_OBJC_ROOT_CLASS = YES_ERROR;
				CLANG_WARN_RANGE_LOOP_ANALYSIS = YES;
				CLANG_WARN_STRICT_PROTOTYPES = YES;
				CLANG_WARN_SUSPICIOUS_MOVE = YES;
				CLANG_WARN_UNREACHABLE_CODE = YES;
				CLANG_WARN__DUPLICATE_METHOD_MATCH = YES;
				"CODE_SIGN_IDENTITY[sdk=iphoneos*]" = "iPhone Developer";
				COPY_PHASE_STRIP = NO;
				DEBUG_INFORMATION_FORMAT = "dwarf-with-dsym";
				ENABLE_NS_ASSERTIONS = NO;
				ENABLE_STRICT_OBJC_MSGSEND = YES;
				GCC_C_LANGUAGE_STANDARD = gnu99;
				GCC_NO_COMMON_BLOCKS = YES;
				GCC_WARN_64_TO_32_BIT_CONVERSION = YES;
				GCC_WARN_ABOUT_RETURN_TYPE = YES_ERROR;
				GCC_WARN_UNDECLARED_SELECTOR = YES;
				GCC_WARN_UNINITIALIZED_AUTOS = YES_AGGRESSIVE;
				GCC_WARN_UNUSED_FUNCTION = YES;
				GCC_WARN_UNUSED_VARIABLE = YES;
				IPHONEOS_DEPLOYMENT_TARGET = 9.3;
				MTL_ENABLE_DEBUG_INFO = NO;
				SDKROOT = iphoneos;
				SWIFT_OPTIMIZATION_LEVEL = "-Owholemodule";
				VALIDATE_PRODUCT = YES;
			};
			name = Release;
		};
		607FACF01AFB9204008FA782 /* Debug */ = {
			isa = XCBuildConfiguration;
			baseConfigurationReference = 38A511E680EB44068D96E216 /* Pods-SirioLibanesApp_Example.debug.xcconfig */;
			buildSettings = {
				ASSETCATALOG_COMPILER_APPICON_NAME = AppIcon;
				DEVELOPMENT_TEAM = SS99NH97T4;
				INFOPLIST_FILE = SirioLibanesApp/Info.plist;
				IPHONEOS_DEPLOYMENT_TARGET = 10.0;
				LD_RUNPATH_SEARCH_PATHS = "$(inherited) @executable_path/Frameworks";
				MODULE_NAME = ExampleApp;
				PRODUCT_BUNDLE_IDENTIFIER = com.federicobf.siriolibanes;
				PRODUCT_NAME = Eventos;
				PROVISIONING_PROFILE = "";
				SWIFT_SWIFT3_OBJC_INFERENCE = Default;
				SWIFT_VERSION = 4.0;
			};
			name = Debug;
		};
		607FACF11AFB9204008FA782 /* Release */ = {
			isa = XCBuildConfiguration;
			baseConfigurationReference = 96D6B0EEA01EA8E499D5F9D1 /* Pods-SirioLibanesApp_Example.release.xcconfig */;
			buildSettings = {
				ASSETCATALOG_COMPILER_APPICON_NAME = AppIcon;
				DEVELOPMENT_TEAM = SS99NH97T4;
				INFOPLIST_FILE = SirioLibanesApp/Info.plist;
				IPHONEOS_DEPLOYMENT_TARGET = 10.0;
				LD_RUNPATH_SEARCH_PATHS = "$(inherited) @executable_path/Frameworks";
				MODULE_NAME = ExampleApp;
				PRODUCT_BUNDLE_IDENTIFIER = com.federicobf.siriolibanes;
				PRODUCT_NAME = Eventos;
				PROVISIONING_PROFILE = "";
				SWIFT_SWIFT3_OBJC_INFERENCE = Default;
				SWIFT_VERSION = 4.0;
			};
			name = Release;
		};
		607FACF31AFB9204008FA782 /* Debug */ = {
			isa = XCBuildConfiguration;
			baseConfigurationReference = 1F452657DDCE722B06D81CE8 /* Pods-SirioLibanesApp_Tests.debug.xcconfig */;
			buildSettings = {
				DEVELOPMENT_TEAM = SS99NH97T4;
				FRAMEWORK_SEARCH_PATHS = (
					"$(SDKROOT)/Developer/Library/Frameworks",
					"$(inherited)",
				);
				GCC_PREPROCESSOR_DEFINITIONS = (
					"DEBUG=1",
					"$(inherited)",
				);
				INFOPLIST_FILE = Tests/Info.plist;
				LD_RUNPATH_SEARCH_PATHS = "$(inherited) @executable_path/Frameworks @loader_path/Frameworks";
				PRODUCT_BUNDLE_IDENTIFIER = "org.cocoapods.$(PRODUCT_NAME:rfc1034identifier)";
				PRODUCT_NAME = "$(TARGET_NAME)";
				SWIFT_SWIFT3_OBJC_INFERENCE = Default;
				SWIFT_VERSION = 4.0;
			};
			name = Debug;
		};
		607FACF41AFB9204008FA782 /* Release */ = {
			isa = XCBuildConfiguration;
			baseConfigurationReference = 465ECC190B395000CD05895A /* Pods-SirioLibanesApp_Tests.release.xcconfig */;
			buildSettings = {
				DEVELOPMENT_TEAM = SS99NH97T4;
				FRAMEWORK_SEARCH_PATHS = (
					"$(SDKROOT)/Developer/Library/Frameworks",
					"$(inherited)",
				);
				INFOPLIST_FILE = Tests/Info.plist;
				LD_RUNPATH_SEARCH_PATHS = "$(inherited) @executable_path/Frameworks @loader_path/Frameworks";
				PRODUCT_BUNDLE_IDENTIFIER = "org.cocoapods.$(PRODUCT_NAME:rfc1034identifier)";
				PRODUCT_NAME = "$(TARGET_NAME)";
				SWIFT_SWIFT3_OBJC_INFERENCE = Default;
				SWIFT_VERSION = 4.0;
			};
			name = Release;
		};
/* End XCBuildConfiguration section */

/* Begin XCConfigurationList section */
		607FACCB1AFB9204008FA782 /* Build configuration list for PBXProject "SirioLibanesApp" */ = {
			isa = XCConfigurationList;
			buildConfigurations = (
				607FACED1AFB9204008FA782 /* Debug */,
				607FACEE1AFB9204008FA782 /* Release */,
			);
			defaultConfigurationIsVisible = 0;
			defaultConfigurationName = Release;
		};
		607FACEF1AFB9204008FA782 /* Build configuration list for PBXNativeTarget "SirioLibanesApp_Example" */ = {
			isa = XCConfigurationList;
			buildConfigurations = (
				607FACF01AFB9204008FA782 /* Debug */,
				607FACF11AFB9204008FA782 /* Release */,
			);
			defaultConfigurationIsVisible = 0;
			defaultConfigurationName = Release;
		};
		607FACF21AFB9204008FA782 /* Build configuration list for PBXNativeTarget "SirioLibanesApp_Tests" */ = {
			isa = XCConfigurationList;
			buildConfigurations = (
				607FACF31AFB9204008FA782 /* Debug */,
				607FACF41AFB9204008FA782 /* Release */,
			);
			defaultConfigurationIsVisible = 0;
			defaultConfigurationName = Release;
		};
/* End XCConfigurationList section */
	};
	rootObject = 607FACC81AFB9204008FA782 /* Project object */;
}
